
Microsoft Visual Studio Solution File, Format Version 12.00
# Visual Studio Version 17
VisualStudioVersion = 17.14.37411.7
MinimumVisualStudioVersion = 10.0.40219.1
Project("{FAE04EC0-301F-11D3-BF4B-00C04F79EFBC}") = "Company.web", "Company.web\Company.web.csproj", "{850CA2D9-06F1-48E8-8EF2-98EE55F3A916}"
EndProject
Project("{FAE04EC0-301F-11D3-BF4B-00C04F79EFBC}") = "Company.Domain", "Company.Domain\Company.Domain.csproj", "{08F1C11C-A064-4D5C-A1C1-5DB3117D6D9C}"
EndProject
Project("{FAE04EC0-301F-11D3-BF4B-00C04F79EFBC}") = "Company.Infrastructure", "Company.Infrastructure\Company.Infrastructure.csproj", "{CBC2C2B2-CA35-42A7-90E7-E8BB04CC7068}"
EndProject
Project("{FAE04EC0-301F-11D3-BF4B-00C04F79EFBC}") = "Company.Application", "Company.Application\Company.Application.csproj", "{9EF08B7F-85EA-4A06-8D0D-03CAC26CA0CA}"
EndProject
Global
	GlobalSection(SolutionConfigurationPlatforms) = preSolution
		Debug|Any CPU = Debug|Any CPU
		Release|Any CPU = Release|Any CPU
	EndGlobalSection
	GlobalSection(ProjectConfigurationPlatforms) = postSolution
		{850CA2D9-06F1-48E8-8EF2-98EE55F3A916}.Debug|Any CPU.ActiveCfg = Debug|Any CPU
		{850CA2D9-06F1-48E8-8EF2-98EE55F3A916}.Debug|Any CPU.Build.0 = Debug|Any CPU
		{850CA2D9-06F1-48E8-8EF2-98EE55F3A916}.Release|Any CPU.ActiveCfg = Release|Any CPU
		{850CA2D9-06F1-48E8-8EF2-98EE55F3A916}.Release|Any CPU.Build.0 = Release|Any CPU
		{08F1C11C-A064-4D5C-A1C1-5DB3117D6D9C}.Debug|Any CPU.ActiveCfg = Debug|Any CPU
		{08F1C11C-A064-4D5C-A1C1-5DB3117D6D9C}.Debug|Any CPU.Build.0 = Debug|Any CPU
		{08F1C11C-A064-4D5C-A1C1-5DB3117D6D9C}.Release|Any CPU.ActiveCfg = Release|Any CPU
		{08F1C11C-A064-4D5C-A1C1-5DB3117D6D9C}.Release|Any CPU.Build.0 = Release|Any CPU
		{CBC2C2B2-CA35-42A7-90E7-E8BB04CC7068}.Debug|Any CPU.ActiveCfg = Debug|Any CPU
		{CBC2C2B2-CA35-42A7-90E7-E8BB04CC7068}.Debug|Any CPU.Build.0 = Debug|Any CPU
		{CBC2C2B2-CA35-42A7-90E7-E8BB04CC7068}.Release|Any CPU.ActiveCfg = Release|Any CPU
		{CBC2C2B2-CA35-42A7-90E7-E8BB04CC7068}.Release|Any CPU.Build.0 = Release|Any CPU
		{9EF08B7F-85EA-4A06-8D0D-03CAC26CA0CA}.Debug|Any CPU.ActiveCfg = Debug|Any CPU
		{9EF08B7F-85EA-4A06-8D0D-03CAC26CA0CA}.Debug|Any CPU.Build.0 = Debug|Any CPU
		{9EF08B7F-85EA-4A06-8D0D-03CAC26CA0CA}.Release|Any CPU.ActiveCfg = Release|Any CPU
		{9EF08B7F-85EA-4A06-8D0D-03CAC26CA0CA}.Release|Any CPU.Build.0 = Release|Any CPU
	EndGlobalSection
	GlobalSection(SolutionProperties) = preSolution
		HideSolutionNode = FALSE
	EndGlobalSection
	GlobalSection(ExtensibilityGlobals) = postSolution
		SolutionGuid = {38F63768-BB33-4178-99D4-701E8D7E96EF}
	EndGlobalSection
EndGlobal
